
Microsoft Visual Studio Solution File, Format Version 12.00
# Visual Studio Version 17
VisualStudioVersion = 17.0.31903.59
MinimumVisualStudioVersion = 10.0.40219.1
Project("{2150E333-8FDC-42A3-9474-1A3956D46DE8}") = "src", "src", "{886B2F91-0AF3-4F3E-AA0A-57B16963B66C}"
EndProject
Project("{2150E333-8FDC-42A3-9474-1A3956D46DE8}") = "test", "test", "{F5409673-6372-48E7-8D5D-3174666FF184}"
EndProject
Project("{2150E333-8FDC-42A3-9474-1A3956D46DE8}") = "API", "API", "{88491CFB-D7D7-48B0-B9D0-B15CEA60C1A4}"
EndProject
Project("{2150E333-8FDC-42A3-9474-1A3956D46DE8}") = "Core", "Core", "{45E994C4-6337-4E34-811D-29DA67AAC77D}"
EndProject
Project("{2150E333-8FDC-42A3-9474-1A3956D46DE8}") = "Infrastructure", "Infrastructure", "{64BC9C4A-8CC2-4979-AF26-F57159A24521}"
EndProject
Project("{2150E333-8FDC-42A3-9474-1A3956D46DE8}") = "UI", "UI", "{4E2EB456-2E4C-4068-A8E2-D0018484B8E9}"
EndProject
Project("{9A19103F-16F7-4668-BE54-9A1E7A4F7556}") = "GloboTicket.TicketManagement.Domain", "GloboTicket.TicketManagement.Domain\GloboTicket.TicketManagement.Domain.csproj", "{E6F3A1BF-303A-45B8-9F82-C134EE985199}"
EndProject
Project("{9A19103F-16F7-4668-BE54-9A1E7A4F7556}") = "GloboTicket.TicketManagement.Application", "GloboTicket.TicketManagement.Application\GloboTicket.TicketManagement.Application.csproj", "{AC215BB6-71DF-4666-8104-A77B818647AE}"
EndProject
Project("{9A19103F-16F7-4668-BE54-9A1E7A4F7556}") = "GloboTicket.TicketManagement.Persistence", "GloboTicket.TicketManagement.Persistence\GloboTicket.TicketManagement.Persistence.csproj", "{31B7E61D-788B-42F2-AF2B-5FD653DBFF69}"
EndProject
Project("{9A19103F-16F7-4668-BE54-9A1E7A4F7556}") = "GloboTicket.TicketManagement.Infrastructure", "GloboTicket.TicketManagement.Infrastructure\GloboTicket.TicketManagement.Infrastructure.csproj", "{157526E6-4EE8-47CC-A0AD-AF0F2374F659}"
EndProject
Project("{9A19103F-16F7-4668-BE54-9A1E7A4F7556}") = "GloboTicket.TicketManagement.Api", "GloboTicket.TicketManagement.Api\GloboTicket.TicketManagement.Api.csproj", "{0031FA5B-DACC-43A2-9124-1B920210BCED}"
EndProject
Project("{FAE04EC0-301F-11D3-BF4B-00C04F79EFBC}") = "GloboTicket.TicketManagement.Application.UnitTest", "GloboTicket.TicketManagement.Application.UnitTest\GloboTicket.TicketManagement.Application.UnitTest.csproj", "{FBE4B5D4-5A4B-47D2-85AE-67652FFE3E73}"
EndProject
Project("{FAE04EC0-301F-11D3-BF4B-00C04F79EFBC}") = "GloboTicket.TicketManagement.Persistence.IntegrationTests", "GloboTicket.TicketManagement.Persistence.IntegrationTests\GloboTicket.TicketManagement.Persistence.IntegrationTests.csproj", "{468A5397-7FDA-4282-9B5D-128E2179603E}"
EndProject
Global
	GlobalSection(SolutionConfigurationPlatforms) = preSolution
		Debug|Any CPU = Debug|Any CPU
		Release|Any CPU = Release|Any CPU
	EndGlobalSection
	GlobalSection(ProjectConfigurationPlatforms) = postSolution
		{E6F3A1BF-303A-45B8-9F82-C134EE985199}.Debug|Any CPU.ActiveCfg = Debug|Any CPU
		{E6F3A1BF-303A-45B8-9F82-C134EE985199}.Debug|Any CPU.Build.0 = Debug|Any CPU
		{E6F3A1BF-303A-45B8-9F82-C134EE985199}.Release|Any CPU.ActiveCfg = Release|Any CPU
		{E6F3A1BF-303A-45B8-9F82-C134EE985199}.Release|Any CPU.Build.0 = Release|Any CPU
		{AC215BB6-71DF-4666-8104-A77B818647AE}.Debug|Any CPU.ActiveCfg = Debug|Any CPU
		{AC215BB6-71DF-4666-8104-A77B818647AE}.Debug|Any CPU.Build.0 = Debug|Any CPU
		{AC215BB6-71DF-4666-8104-A77B818647AE}.Release|Any CPU.ActiveCfg = Release|Any CPU
		{AC215BB6-71DF-4666-8104-A77B818647AE}.Release|Any CPU.Build.0 = Release|Any CPU
		{31B7E61D-788B-42F2-AF2B-5FD653DBFF69}.Debug|Any CPU.ActiveCfg = Debug|Any CPU
		{31B7E61D-788B-42F2-AF2B-5FD653DBFF69}.Debug|Any CPU.Build.0 = Debug|Any CPU
		{31B7E61D-788B-42F2-AF2B-5FD653DBFF69}.Release|Any CPU.ActiveCfg = Release|Any CPU
		{31B7E61D-788B-42F2-AF2B-5FD653DBFF69}.Release|Any CPU.Build.0 = Release|Any CPU
		{157526E6-4EE8-47CC-A0AD-AF0F2374F659}.Debug|Any CPU.ActiveCfg = Debug|Any CPU
		{157526E6-4EE8-47CC-A0AD-AF0F2374F659}.Debug|Any CPU.Build.0 = Debug|Any CPU
		{157526E6-4EE8-47CC-A0AD-AF0F2374F659}.Release|Any CPU.ActiveCfg = Release|Any CPU
		{157526E6-4EE8-47CC-A0AD-AF0F2374F659}.Release|Any CPU.Build.0 = Release|Any CPU
		{0031FA5B-DACC-43A2-9124-1B920210BCED}.Debug|Any CPU.ActiveCfg = Debug|Any CPU
		{0031FA5B-DACC-43A2-9124-1B920210BCED}.Debug|Any CPU.Build.0 = Debug|Any CPU
		{0031FA5B-DACC-43A2-9124-1B920210BCED}.Release|Any CPU.ActiveCfg = Release|Any CPU
		{0031FA5B-DACC-43A2-9124-1B920210BCED}.Release|Any CPU.Build.0 = Release|Any CPU
		{FBE4B5D4-5A4B-47D2-85AE-67652FFE3E73}.Debug|Any CPU.ActiveCfg = Debug|Any CPU
		{FBE4B5D4-5A4B-47D2-85AE-67652FFE3E73}.Debug|Any CPU.Build.0 = Debug|Any CPU
		{FBE4B5D4-5A4B-47D2-85AE-67652FFE3E73}.Release|Any CPU.ActiveCfg = Release|Any CPU
		{FBE4B5D4-5A4B-47D2-85AE-67652FFE3E73}.Release|Any CPU.Build.0 = Release|Any CPU
		{468A5397-7FDA-4282-9B5D-128E2179603E}.Debug|Any CPU.ActiveCfg = Debug|Any CPU
		{468A5397-7FDA-4282-9B5D-128E2179603E}.Debug|Any CPU.Build.0 = Debug|Any CPU
		{468A5397-7FDA-4282-9B5D-128E2179603E}.Release|Any CPU.ActiveCfg = Release|Any CPU
		{468A5397-7FDA-4282-9B5D-128E2179603E}.Release|Any CPU.Build.0 = Release|Any CPU
	EndGlobalSection
	GlobalSection(SolutionProperties) = preSolution
		HideSolutionNode = FALSE
	EndGlobalSection
	GlobalSection(NestedProjects) = preSolution
		{88491CFB-D7D7-48B0-B9D0-B15CEA60C1A4} = {886B2F91-0AF3-4F3E-AA0A-57B16963B66C}
		{45E994C4-6337-4E34-811D-29DA67AAC77D} = {886B2F91-0AF3-4F3E-AA0A-57B16963B66C}
		{64BC9C4A-8CC2-4979-AF26-F57159A24521} = {886B2F91-0AF3-4F3E-AA0A-57B16963B66C}
		{4E2EB456-2E4C-4068-A8E2-D0018484B8E9} = {886B2F91-0AF3-4F3E-AA0A-57B16963B66C}
		{E6F3A1BF-303A-45B8-9F82-C134EE985199} = {45E994C4-6337-4E34-811D-29DA67AAC77D}
		{AC215BB6-71DF-4666-8104-A77B818647AE} = {45E994C4-6337-4E34-811D-29DA67AAC77D}
		{31B7E61D-788B-42F2-AF2B-5FD653DBFF69} = {64BC9C4A-8CC2-4979-AF26-F57159A24521}
		{157526E6-4EE8-47CC-A0AD-AF0F2374F659} = {64BC9C4A-8CC2-4979-AF26-F57159A24521}
		{0031FA5B-DACC-43A2-9124-1B920210BCED} = {88491CFB-D7D7-48B0-B9D0-B15CEA60C1A4}
		{FBE4B5D4-5A4B-47D2-85AE-67652FFE3E73} = {F5409673-6372-48E7-8D5D-3174666FF184}
		{468A5397-7FDA-4282-9B5D-128E2179603E} = {F5409673-6372-48E7-8D5D-3174666FF184}
	EndGlobalSection
	GlobalSection(ExtensibilityGlobals) = postSolution
		SolutionGuid = {1259C87A-4A6F-4784-AA3D-33CBA4E534DD}
	EndGlobalSection
EndGlobal
